
Microsoft Visual Studio Solution File, Format Version 12.00
# Visual Studio Version 16
VisualStudioVersion = 16.0.31702.278
MinimumVisualStudioVersion = 10.0.40219.1
Project("{9A19103F-16F7-4668-BE54-9A1E7A4F7556}") = "Microservices.ServiceA", "ServiceA\Microservices.ServiceA.csproj", "{A8321187-8126-4FFF-A65D-6A9013B4DAFD}"
EndProject
Global
	GlobalSection(SolutionConfigurationPlatforms) = preSolution
		Debug|Any CPU = Debug|Any CPU
		Release|Any CPU = Release|Any CPU
	EndGlobalSection
	GlobalSection(ProjectConfigurationPlatforms) = postSolution
		{A8321187-8126-4FFF-A65D-6A9013B4DAFD}.Debug|Any CPU.ActiveCfg = Debug|Any CPU
		{A8321187-8126-4FFF-A65D-6A9013B4DAFD}.Debug|Any CPU.Build.0 = Debug|Any CPU
		{A8321187-8126-4FFF-A65D-6A9013B4DAFD}.Release|Any CPU.ActiveCfg = Release|Any CPU
		{A8321187-8126-4FFF-A65D-6A9013B4DAFD}.Release|Any CPU.Build.0 = Release|Any CPU
	EndGlobalSection
	GlobalSection(SolutionProperties) = preSolution
		HideSolutionNode = FALSE
	EndGlobalSection
	GlobalSection(ExtensibilityGlobals) = postSolution
		SolutionGuid = {E3667D03-8409-46ED-94A4-A03335E879EC}
	EndGlobalSection
EndGlobal
